
Microsoft Visual Studio Solution File, Format Version 12.00
# Visual Studio Version 16
VisualStudioVersion = 16.0.29123.88
MinimumVisualStudioVersion = 10.0.40219.1
Project("{9A19103F-16F7-4668-BE54-9A1E7A4F7556}") = "PYPA.Transacoes.Domain", "PYPA.Transacoes.Domain\PYPA.Transacoes.Domain.csproj", "{A8E0F6DE-8643-429B-8DE2-53A486CC5571}"
EndProject
Project("{9A19103F-16F7-4668-BE54-9A1E7A4F7556}") = "PYPA.Transacoes.Domain.Tests", "PYPA.Transacoes.Domain.Tests\PYPA.Transacoes.Domain.Tests.csproj", "{D77E4773-658F-4A67-9693-3F9635CA2BAA}"
EndProject
Project("{9A19103F-16F7-4668-BE54-9A1E7A4F7556}") = "PYPA.Transacoes.Facade", "PYPA.Transacoes.Facade\PYPA.Transacoes.Facade.csproj", "{0B2A7DA7-C99D-4AED-B7A2-333F79F6199D}"
EndProject
Project("{9A19103F-16F7-4668-BE54-9A1E7A4F7556}") = "PYPA.Transacoes.DataMapping", "PYPA.Transacoes.DataMapping\PYPA.Transacoes.DataMapping.csproj", "{A77CBCBD-71B3-480A-8F84-1EB43C2F803C}"
EndProject
Project("{FAE04EC0-301F-11D3-BF4B-00C04F79EFBC}") = "PYPA.Transacoes.API", "PYPA.Transacoes.API\PYPA.Transacoes.API.csproj", "{6195FC95-E861-4E6A-A1F3-400E5C532E08}"
EndProject
Global
	GlobalSection(SolutionConfigurationPlatforms) = preSolution
		Debug|Any CPU = Debug|Any CPU
		Release|Any CPU = Release|Any CPU
	EndGlobalSection
	GlobalSection(ProjectConfigurationPlatforms) = postSolution
		{A8E0F6DE-8643-429B-8DE2-53A486CC5571}.Debug|Any CPU.ActiveCfg = Debug|Any CPU
		{A8E0F6DE-8643-429B-8DE2-53A486CC5571}.Debug|Any CPU.Build.0 = Debug|Any CPU
		{A8E0F6DE-8643-429B-8DE2-53A486CC5571}.Release|Any CPU.ActiveCfg = Release|Any CPU
		{A8E0F6DE-8643-429B-8DE2-53A486CC5571}.Release|Any CPU.Build.0 = Release|Any CPU
		{D77E4773-658F-4A67-9693-3F9635CA2BAA}.Debug|Any CPU.ActiveCfg = Debug|Any CPU
		{D77E4773-658F-4A67-9693-3F9635CA2BAA}.Debug|Any CPU.Build.0 = Debug|Any CPU
		{D77E4773-658F-4A67-9693-3F9635CA2BAA}.Release|Any CPU.ActiveCfg = Release|Any CPU
		{D77E4773-658F-4A67-9693-3F9635CA2BAA}.Release|Any CPU.Build.0 = Release|Any CPU
		{0B2A7DA7-C99D-4AED-B7A2-333F79F6199D}.Debug|Any CPU.ActiveCfg = Debug|Any CPU
		{0B2A7DA7-C99D-4AED-B7A2-333F79F6199D}.Debug|Any CPU.Build.0 = Debug|Any CPU
		{0B2A7DA7-C99D-4AED-B7A2-333F79F6199D}.Release|Any CPU.ActiveCfg = Release|Any CPU
		{0B2A7DA7-C99D-4AED-B7A2-333F79F6199D}.Release|Any CPU.Build.0 = Release|Any CPU
		{A77CBCBD-71B3-480A-8F84-1EB43C2F803C}.Debug|Any CPU.ActiveCfg = Debug|Any CPU
		{A77CBCBD-71B3-480A-8F84-1EB43C2F803C}.Debug|Any CPU.Build.0 = Debug|Any CPU
		{A77CBCBD-71B3-480A-8F84-1EB43C2F803C}.Release|Any CPU.ActiveCfg = Release|Any CPU
		{A77CBCBD-71B3-480A-8F84-1EB43C2F803C}.Release|Any CPU.Build.0 = Release|Any CPU
		{692FC220-5C9A-42D6-AB3F-8D4F4AFDA364}.Debug|Any CPU.ActiveCfg = Debug|Any CPU
		{692FC220-5C9A-42D6-AB3F-8D4F4AFDA364}.Debug|Any CPU.Build.0 = Debug|Any CPU
		{692FC220-5C9A-42D6-AB3F-8D4F4AFDA364}.Release|Any CPU.ActiveCfg = Release|Any CPU
		{692FC220-5C9A-42D6-AB3F-8D4F4AFDA364}.Release|Any CPU.Build.0 = Release|Any CPU
		{6195FC95-E861-4E6A-A1F3-400E5C532E08}.Debug|Any CPU.ActiveCfg = Debug|Any CPU
		{6195FC95-E861-4E6A-A1F3-400E5C532E08}.Debug|Any CPU.Build.0 = Debug|Any CPU
		{6195FC95-E861-4E6A-A1F3-400E5C532E08}.Release|Any CPU.ActiveCfg = Release|Any CPU
		{6195FC95-E861-4E6A-A1F3-400E5C532E08}.Release|Any CPU.Build.0 = Release|Any CPU
	EndGlobalSection
	GlobalSection(SolutionProperties) = preSolution
		HideSolutionNode = FALSE
	EndGlobalSection
	GlobalSection(NestedProjects) = preSolution
		{692FC220-5C9A-42D6-AB3F-8D4F4AFDA364} = {2537E35B-1DF7-45FE-8783-037F7BF3B8E2}
	EndGlobalSection
	GlobalSection(ExtensibilityGlobals) = postSolution
		SolutionGuid = {D87D8579-4CB3-4841-958D-CAF4B9885A12}
	EndGlobalSection
EndGlobal
