
Microsoft Visual Studio Solution File, Format Version 12.00
# Visual Studio Version 16
VisualStudioVersion = 16.0.29123.88
MinimumVisualStudioVersion = 10.0.40219.1
Project("{9A19103F-16F7-4668-BE54-9A1E7A4F7556}") = "PYPA.Transacoes.Domain", "PYPA.Transacoes.Domain\PYPA.Transacoes.Domain.csproj", "{A8E0F6DE-8643-429B-8DE2-53A486CC5571}"
EndProject
Project("{9A19103F-16F7-4668-BE54-9A1E7A4F7556}") = "PYPA.Transacoes.Domain.Tests", "PYPA.Transacoes.Domain.Tests\PYPA.Transacoes.Domain.Tests.csproj", "{D77E4773-658F-4A67-9693-3F9635CA2BAA}"
EndProject
Global
	GlobalSection(SolutionConfigurationPlatforms) = preSolution
		Debug|Any CPU = Debug|Any CPU
		Release|Any CPU = Release|Any CPU
	EndGlobalSection
	GlobalSection(ProjectConfigurationPlatforms) = postSolution
		{A8E0F6DE-8643-429B-8DE2-53A486CC5571}.Debug|Any CPU.ActiveCfg = Debug|Any CPU
		{A8E0F6DE-8643-429B-8DE2-53A486CC5571}.Debug|Any CPU.Build.0 = Debug|Any CPU
		{A8E0F6DE-8643-429B-8DE2-53A486CC5571}.Release|Any CPU.ActiveCfg = Release|Any CPU
		{A8E0F6DE-8643-429B-8DE2-53A486CC5571}.Release|Any CPU.Build.0 = Release|Any CPU
		{D77E4773-658F-4A67-9693-3F9635CA2BAA}.Debug|Any CPU.ActiveCfg = Debug|Any CPU
		{D77E4773-658F-4A67-9693-3F9635CA2BAA}.Debug|Any CPU.Build.0 = Debug|Any CPU
		{D77E4773-658F-4A67-9693-3F9635CA2BAA}.Release|Any CPU.ActiveCfg = Release|Any CPU
		{D77E4773-658F-4A67-9693-3F9635CA2BAA}.Release|Any CPU.Build.0 = Release|Any CPU
	EndGlobalSection
	GlobalSection(SolutionProperties) = preSolution
		HideSolutionNode = FALSE
	EndGlobalSection
	GlobalSection(ExtensibilityGlobals) = postSolution
		SolutionGuid = {D87D8579-4CB3-4841-958D-CAF4B9885A12}
	EndGlobalSection
EndGlobal
